Microsoft Visual Studio Solution File, Format Version 12.00
# Visual Studio Version 17
VisualStudioVersion = 17.5.2.0
MinimumVisualStudioVersion = 10.0.40219.1
Project("{FAE04EC0-301F-11D3-BF4B-00C04F79EFBC}") = "WaveFunctionCollapse", "WaveFunctionCollapse\WaveFunctionCollapse.csproj", "{293AA654-CAC1-6432-9511-243AC16770C1}"
EndProject
Global
	GlobalSection(SolutionConfigurationPlatforms) = preSolution
		Debug|Any CPU = Debug|Any CPU
		Release|Any CPU = Release|Any CPU
	EndGlobalSection
	GlobalSection(ProjectConfigurationPlatforms) = postSolution
		{293AA654-CAC1-6432-9511-243AC16770C1}.Debug|Any CPU.ActiveCfg = Debug|Any CPU
		{293AA654-CAC1-6432-9511-243AC16770C1}.Debug|Any CPU.Build.0 = Debug|Any CPU
		{293AA654-CAC1-6432-9511-243AC16770C1}.Release|Any CPU.ActiveCfg = Release|Any CPU
		{293AA654-CAC1-6432-9511-243AC16770C1}.Release|Any CPU.Build.0 = Release|Any CPU
	EndGlobalSection
	GlobalSection(SolutionProperties) = preSolution
		HideSolutionNode = FALSE
	EndGlobalSection
	GlobalSection(ExtensibilityGlobals) = postSolution
		SolutionGuid = {8BAA6799-32BC-48E2-A81A-C202A5578696}
	EndGlobalSection
EndGlobal
